
Microsoft Visual Studio Solution File, Format Version 12.00
# Visual Studio 2012
Project("{FAE04EC0-301F-11D3-BF4B-00C04F79EFBC}") = "AdMobWp8Pack", "AdMobWp8Pack\AdMobWp8Pack.csproj", "{105E54D4-7B70-4FFB-832B-59ACAA475260}"
EndProject
Global
	GlobalSection(SolutionConfigurationPlatforms) = preSolution
		Debug|ARM = Debug|ARM
		Debug|x86 = Debug|x86
		Master|ARM = Master|ARM
		Master|x86 = Master|x86
		Release|ARM = Release|ARM
		Release|x86 = Release|x86
	EndGlobalSection
	GlobalSection(ProjectConfigurationPlatforms) = postSolution
		{105E54D4-7B70-4FFB-832B-59ACAA475260}.Debug|ARM.ActiveCfg = Debug|ARM
		{105E54D4-7B70-4FFB-832B-59ACAA475260}.Debug|ARM.Build.0 = Debug|ARM
		{105E54D4-7B70-4FFB-832B-59ACAA475260}.Debug|ARM.Deploy.0 = Debug|ARM
		{105E54D4-7B70-4FFB-832B-59ACAA475260}.Debug|x86.ActiveCfg = Debug|x86
		{105E54D4-7B70-4FFB-832B-59ACAA475260}.Debug|x86.Build.0 = Debug|x86
		{105E54D4-7B70-4FFB-832B-59ACAA475260}.Debug|x86.Deploy.0 = Debug|x86
		{105E54D4-7B70-4FFB-832B-59ACAA475260}.Master|ARM.ActiveCfg = Master|ARM
		{105E54D4-7B70-4FFB-832B-59ACAA475260}.Master|ARM.Build.0 = Master|ARM
		{105E54D4-7B70-4FFB-832B-59ACAA475260}.Master|ARM.Deploy.0 = Master|ARM
		{105E54D4-7B70-4FFB-832B-59ACAA475260}.Master|x86.ActiveCfg = Master|x86
		{105E54D4-7B70-4FFB-832B-59ACAA475260}.Master|x86.Build.0 = Master|x86
		{105E54D4-7B70-4FFB-832B-59ACAA475260}.Master|x86.Deploy.0 = Master|x86
		{105E54D4-7B70-4FFB-832B-59ACAA475260}.Release|ARM.ActiveCfg = Release|ARM
		{105E54D4-7B70-4FFB-832B-59ACAA475260}.Release|ARM.Build.0 = Release|ARM
		{105E54D4-7B70-4FFB-832B-59ACAA475260}.Release|ARM.Deploy.0 = Release|ARM
		{105E54D4-7B70-4FFB-832B-59ACAA475260}.Release|x86.ActiveCfg = Release|x86
		{105E54D4-7B70-4FFB-832B-59ACAA475260}.Release|x86.Build.0 = Release|x86
		{105E54D4-7B70-4FFB-832B-59ACAA475260}.Release|x86.Deploy.0 = Release|x86
	EndGlobalSection
	GlobalSection(SolutionProperties) = preSolution
		HideSolutionNode = FALSE
	EndGlobalSection
EndGlobal
